
Microsoft Visual Studio Solution File, Format Version 12.00
# Visual Studio Version 17
VisualStudioVersion = 17.11.35312.102
MinimumVisualStudioVersion = 10.0.40219.1
Project("{8BC9CEB8-8B4A-11D0-8D11-00A0C91BC942}") = "Lab_05", "Lab_05\Lab_05.vcxproj", "{AC9E1AE8-ECD9-4157-BC08-6BE285E0C914}"
EndProject
Project("{8BC9CEB8-8B4A-11D0-8D11-00A0C91BC942}") = "UnitTest1", "UnitTest1\UnitTest1.vcxproj", "{FCCACD50-D0F0-4366-8BD4-E31F6F873511}"
EndProject
Project("{8BC9CEB8-8B4A-11D0-8D11-00A0C91BC942}") = "Lab_05_02", "Lab_05_02\Lab_05_02.vcxproj", "{9BBAF194-F388-46D8-A02E-32EF454013A1}"
EndProject
Project("{8BC9CEB8-8B4A-11D0-8D11-00A0C91BC942}") = "UnitTest2", "UnitTest2\UnitTest2.vcxproj", "{4ED6206C-80C0-40D0-9A6A-8607F78F8E49}"
EndProject
Project("{8BC9CEB8-8B4A-11D0-8D11-00A0C91BC942}") = "Lab_05_03", "Lab_05_03\Lab_05_03.vcxproj", "{27D29FCA-AD1B-4CCD-8022-8771D193E009}"
EndProject
Project("{8BC9CEB8-8B4A-11D0-8D11-00A0C91BC942}") = "UnitTest3", "UnitTest3\UnitTest3.vcxproj", "{D734258A-AF8A-414A-A0AD-B7F3D2727D4F}"
EndProject
Project("{8BC9CEB8-8B4A-11D0-8D11-00A0C91BC942}") = "Lab_05_04", "Lab_05_04\Lab_05_04.vcxproj", "{2DBAE445-1349-4FF2-8316-DFDDA814E746}"
EndProject
Project("{8BC9CEB8-8B4A-11D0-8D11-00A0C91BC942}") = "UnitTest4", "UnitTest4\UnitTest4.vcxproj", "{60112DC1-4B8C-441D-8E98-CEC3450268BF}"
EndProject
Project("{8BC9CEB8-8B4A-11D0-8D11-00A0C91BC942}") = "Lab_05_05", "Lab_05_05\Lab_05_05.vcxproj", "{035BE434-4031-4C2A-A95F-84A6CD27982C}"
EndProject
Project("{8BC9CEB8-8B4A-11D0-8D11-00A0C91BC942}") = "UnitTest5", "UnitTest5\UnitTest5.vcxproj", "{4DEF747C-D3CE-43F6-BB34-02931F3D3507}"
EndProject
Global
	GlobalSection(SolutionConfigurationPlatforms) = preSolution
		Debug|x64 = Debug|x64
		Debug|x86 = Debug|x86
		Release|x64 = Release|x64
		Release|x86 = Release|x86
	EndGlobalSection
	GlobalSection(ProjectConfigurationPlatforms) = postSolution
		{AC9E1AE8-ECD9-4157-BC08-6BE285E0C914}.Debug|x64.ActiveCfg = Debug|x64
		{AC9E1AE8-ECD9-4157-BC08-6BE285E0C914}.Debug|x64.Build.0 = Debug|x64
		{AC9E1AE8-ECD9-4157-BC08-6BE285E0C914}.Debug|x86.ActiveCfg = Debug|Win32
		{AC9E1AE8-ECD9-4157-BC08-6BE285E0C914}.Debug|x86.Build.0 = Debug|Win32
		{AC9E1AE8-ECD9-4157-BC08-6BE285E0C914}.Release|x64.ActiveCfg = Release|x64
		{AC9E1AE8-ECD9-4157-BC08-6BE285E0C914}.Release|x64.Build.0 = Release|x64
		{AC9E1AE8-ECD9-4157-BC08-6BE285E0C914}.Release|x86.ActiveCfg = Release|Win32
		{AC9E1AE8-ECD9-4157-BC08-6BE285E0C914}.Release|x86.Build.0 = Release|Win32
		{FCCACD50-D0F0-4366-8BD4-E31F6F873511}.Debug|x64.ActiveCfg = Debug|x64
		{FCCACD50-D0F0-4366-8BD4-E31F6F873511}.Debug|x64.Build.0 = Debug|x64
		{FCCACD50-D0F0-4366-8BD4-E31F6F873511}.Debug|x86.ActiveCfg = Debug|Win32
		{FCCACD50-D0F0-4366-8BD4-E31F6F873511}.Debug|x86.Build.0 = Debug|Win32
		{FCCACD50-D0F0-4366-8BD4-E31F6F873511}.Release|x64.ActiveCfg = Release|x64
		{FCCACD50-D0F0-4366-8BD4-E31F6F873511}.Release|x64.Build.0 = Release|x64
		{FCCACD50-D0F0-4366-8BD4-E31F6F873511}.Release|x86.ActiveCfg = Release|Win32
		{FCCACD50-D0F0-4366-8BD4-E31F6F873511}.Release|x86.Build.0 = Release|Win32
		{9BBAF194-F388-46D8-A02E-32EF454013A1}.Debug|x64.ActiveCfg = Debug|x64
		{9BBAF194-F388-46D8-A02E-32EF454013A1}.Debug|x64.Build.0 = Debug|x64
		{9BBAF194-F388-46D8-A02E-32EF454013A1}.Debug|x86.ActiveCfg = Debug|Win32
		{9BBAF194-F388-46D8-A02E-32EF454013A1}.Debug|x86.Build.0 = Debug|Win32
		{9BBAF194-F388-46D8-A02E-32EF454013A1}.Release|x64.ActiveCfg = Release|x64
		{9BBAF194-F388-46D8-A02E-32EF454013A1}.Release|x64.Build.0 = Release|x64
		{9BBAF194-F388-46D8-A02E-32EF454013A1}.Release|x86.ActiveCfg = Release|Win32
		{9BBAF194-F388-46D8-A02E-32EF454013A1}.Release|x86.Build.0 = Release|Win32
		{4ED6206C-80C0-40D0-9A6A-8607F78F8E49}.Debug|x64.ActiveCfg = Debug|x64
		{4ED6206C-80C0-40D0-9A6A-8607F78F8E49}.Debug|x64.Build.0 = Debug|x64
		{4ED6206C-80C0-40D0-9A6A-8607F78F8E49}.Debug|x86.ActiveCfg = Debug|Win32
		{4ED6206C-80C0-40D0-9A6A-8607F78F8E49}.Debug|x86.Build.0 = Debug|Win32
		{4ED6206C-80C0-40D0-9A6A-8607F78F8E49}.Release|x64.ActiveCfg = Release|x64
		{4ED6206C-80C0-40D0-9A6A-8607F78F8E49}.Release|x64.Build.0 = Release|x64
		{4ED6206C-80C0-40D0-9A6A-8607F78F8E49}.Release|x86.ActiveCfg = Release|Win32
		{4ED6206C-80C0-40D0-9A6A-8607F78F8E49}.Release|x86.Build.0 = Release|Win32
		{27D29FCA-AD1B-4CCD-8022-8771D193E009}.Debug|x64.ActiveCfg = Debug|x64
		{27D29FCA-AD1B-4CCD-8022-8771D193E009}.Debug|x64.Build.0 = Debug|x64
		{27D29FCA-AD1B-4CCD-8022-8771D193E009}.Debug|x86.ActiveCfg = Debug|Win32
		{27D29FCA-AD1B-4CCD-8022-8771D193E009}.Debug|x86.Build.0 = Debug|Win32
		{27D29FCA-AD1B-4CCD-8022-8771D193E009}.Release|x64.ActiveCfg = Release|x64
		{27D29FCA-AD1B-4CCD-8022-8771D193E009}.Release|x64.Build.0 = Release|x64
		{27D29FCA-AD1B-4CCD-8022-8771D193E009}.Release|x86.ActiveCfg = Release|Win32
		{27D29FCA-AD1B-4CCD-8022-8771D193E009}.Release|x86.Build.0 = Release|Win32
		{D734258A-AF8A-414A-A0AD-B7F3D2727D4F}.Debug|x64.ActiveCfg = Debug|x64
		{D734258A-AF8A-414A-A0AD-B7F3D2727D4F}.Debug|x64.Build.0 = Debug|x64
		{D734258A-AF8A-414A-A0AD-B7F3D2727D4F}.Debug|x86.ActiveCfg = Debug|Win32
		{D734258A-AF8A-414A-A0AD-B7F3D2727D4F}.Debug|x86.Build.0 = Debug|Win32
		{D734258A-AF8A-414A-A0AD-B7F3D2727D4F}.Release|x64.ActiveCfg = Release|x64
		{D734258A-AF8A-414A-A0AD-B7F3D2727D4F}.Release|x64.Build.0 = Release|x64
		{D734258A-AF8A-414A-A0AD-B7F3D2727D4F}.Release|x86.ActiveCfg = Release|Win32
		{D734258A-AF8A-414A-A0AD-B7F3D2727D4F}.Release|x86.Build.0 = Release|Win32
		{2DBAE445-1349-4FF2-8316-DFDDA814E746}.Debug|x64.ActiveCfg = Debug|x64
		{2DBAE445-1349-4FF2-8316-DFDDA814E746}.Debug|x64.Build.0 = Debug|x64
		{2DBAE445-1349-4FF2-8316-DFDDA814E746}.Debug|x86.ActiveCfg = Debug|Win32
		{2DBAE445-1349-4FF2-8316-DFDDA814E746}.Debug|x86.Build.0 = Debug|Win32
		{2DBAE445-1349-4FF2-8316-DFDDA814E746}.Release|x64.ActiveCfg = Release|x64
		{2DBAE445-1349-4FF2-8316-DFDDA814E746}.Release|x64.Build.0 = Release|x64
		{2DBAE445-1349-4FF2-8316-DFDDA814E746}.Release|x86.ActiveCfg = Release|Win32
		{2DBAE445-1349-4FF2-8316-DFDDA814E746}.Release|x86.Build.0 = Release|Win32
		{60112DC1-4B8C-441D-8E98-CEC3450268BF}.Debug|x64.ActiveCfg = Debug|x64
		{60112DC1-4B8C-441D-8E98-CEC3450268BF}.Debug|x64.Build.0 = Debug|x64
		{60112DC1-4B8C-441D-8E98-CEC3450268BF}.Debug|x86.ActiveCfg = Debug|Win32
		{60112DC1-4B8C-441D-8E98-CEC3450268BF}.Debug|x86.Build.0 = Debug|Win32
		{60112DC1-4B8C-441D-8E98-CEC3450268BF}.Release|x64.ActiveCfg = Release|x64
		{60112DC1-4B8C-441D-8E98-CEC3450268BF}.Release|x64.Build.0 = Release|x64
		{60112DC1-4B8C-441D-8E98-CEC3450268BF}.Release|x86.ActiveCfg = Release|Win32
		{60112DC1-4B8C-441D-8E98-CEC3450268BF}.Release|x86.Build.0 = Release|Win32
		{035BE434-4031-4C2A-A95F-84A6CD27982C}.Debug|x64.ActiveCfg = Debug|x64
		{035BE434-4031-4C2A-A95F-84A6CD27982C}.Debug|x64.Build.0 = Debug|x64
		{035BE434-4031-4C2A-A95F-84A6CD27982C}.Debug|x86.ActiveCfg = Debug|Win32
		{035BE434-4031-4C2A-A95F-84A6CD27982C}.Debug|x86.Build.0 = Debug|Win32
		{035BE434-4031-4C2A-A95F-84A6CD27982C}.Release|x64.ActiveCfg = Release|x64
		{035BE434-4031-4C2A-A95F-84A6CD27982C}.Release|x64.Build.0 = Release|x64
		{035BE434-4031-4C2A-A95F-84A6CD27982C}.Release|x86.ActiveCfg = Release|Win32
		{035BE434-4031-4C2A-A95F-84A6CD27982C}.Release|x86.Build.0 = Release|Win32
		{4DEF747C-D3CE-43F6-BB34-02931F3D3507}.Debug|x64.ActiveCfg = Debug|x64
		{4DEF747C-D3CE-43F6-BB34-02931F3D3507}.Debug|x64.Build.0 = Debug|x64
		{4DEF747C-D3CE-43F6-BB34-02931F3D3507}.Debug|x86.ActiveCfg = Debug|Win32
		{4DEF747C-D3CE-43F6-BB34-02931F3D3507}.Debug|x86.Build.0 = Debug|Win32
		{4DEF747C-D3CE-43F6-BB34-02931F3D3507}.Release|x64.ActiveCfg = Release|x64
		{4DEF747C-D3CE-43F6-BB34-02931F3D3507}.Release|x64.Build.0 = Release|x64
		{4DEF747C-D3CE-43F6-BB34-02931F3D3507}.Release|x86.ActiveCfg = Release|Win32
		{4DEF747C-D3CE-43F6-BB34-02931F3D3507}.Release|x86.Build.0 = Release|Win32
	EndGlobalSection
	GlobalSection(SolutionProperties) = preSolution
		HideSolutionNode = FALSE
	EndGlobalSection
	GlobalSection(ExtensibilityGlobals) = postSolution
		SolutionGuid = {E59219D5-B52F-4215-A83A-D398D64A2915}
	EndGlobalSection
EndGlobal
